// !$*UTF8*$!
{
	archiveVersion = 1;
	classes = {
	};
	objectVersion = 46;
	objects = {

/* Begin PBXBuildFile section */
		2B7D1B971B4E3AFB00EE8921 /* main.m in Sources */ = {isa = PBXBuildFile; fileRef = 2B7D1B961B4E3AFB00EE8921 /* main.m */; };
		2B7D1B9A1B4E3AFB00EE8921 /* AppDelegate.m in Sources */ = {isa = PBXBuildFile; fileRef = 2B7D1B991B4E3AFB00EE8921 /* AppDelegate.m */; };
		2B7D1B9D1B4E3AFB00EE8921 /* ViewController.m in Sources */ = {isa = PBXBuildFile; fileRef = 2B7D1B9C1B4E3AFB00EE8921 /* ViewController.m */; };
		2B7D1BA01B4E3AFB00EE8921 /* Main.storyboard in Resources */ = {isa = PBXBuildFile; fileRef = 2B7D1B9E1B4E3AFB00EE8921 /* Main.storyboard */; };
		2B7D1BA21B4E3AFB00EE8921 /* Images.xcassets in Resources */ = {isa = PBXBuildFile; fileRef = 2B7D1BA11B4E3AFB00EE8921 /* Images.xcassets */; };
		2B7D1BA51B4E3AFB00EE8921 /* LaunchScreen.xib in Resources */ = {isa = PBXBuildFile; fileRef = 2B7D1BA31B4E3AFB00EE8921 /* LaunchScreen.xib */; };
		2B7D1BB11B4E3AFB00EE8921 /* testGitHUbTests.m in Sources */ = {isa = PBXBuildFile; fileRef = 2B7D1BB01B4E3AFB00EE8921 /* testGitHUbTests.m */; };
		2BD4770C1B4E60D900F4FCB2 /* TESTA.m in Sources */ = {isa = PBXBuildFile; fileRef = 2BD4770B1B4E60D900F4FCB2 /* TESTA.m */; };
/* End PBXBuildFile section */

/* Begin PBXContainerItemProxy section */
		2B7D1BAB1B4E3AFB00EE8921 /* PBXContainerItemProxy */ = {
			isa = PBXContainerItemProxy;
			containerPortal = 2B7D1B891B4E3AFB00EE8921 /* Project object */;
			proxyType = 1;
			remoteGlobalIDString = 2B7D1B901B4E3AFB00EE8921;
			remoteInfo = testGitHUb;
		};
/* End PBXContainerItemProxy section */

/* Begin PBXFileReference section */
		2B7D1B911B4E3AFB00EE8921 /* testGitHUb.app */ = {isa = PBXFileReference; explicitFileType = wrapper.application; includeInIndex = 0; path = testGitHUb.app; sourceTree = BUILT_PRODUCTS_DIR; };
		2B7D1B951B4E3AFB00EE8921 /* Info.plist */ = {isa = PBXFileReference; lastKnownFileType = text.plist.xml; path = Info.plist; sourceTree = "<group>"; };
		2B7D1B961B4E3AFB00EE8921 /* main.m */ = {isa = PBXFileReference; lastKnownFileType = sourcecode.c.objc; path = main.m; sourceTree = "<group>"; };
		2B7D1B981B4E3AFB00EE8921 /* AppDelegate.h */ = {isa = PBXFileReference; lastKnownFileType = sourcecode.c.h; path = AppDelegate.h; sourceTree = "<group>"; };
		2B7D1B991B4E3AFB00EE8921 /* AppDelegate.m */ = {isa = PBXFileReference; lastKnownFileType = sourcecode.c.objc; path = AppDelegate.m; sourceTree = "<group>"; };
		2B7D1B9B1B4E3AFB00EE8921 /* ViewController.h */ = {isa = PBXFileReference; lastKnownFileType = sourcecode.c.h; path = ViewController.h; sourceTree = "<group>"; };
		2B7D1B9C1B4E3AFB00EE8921 /* ViewController.m */ = {isa = PBXFileReference; lastKnownFileType = sourcecode.c.objc; path = ViewController.m; sourceTree = "<group>"; };
		2B7D1B9F1B4E3AFB00EE8921 /* Base */ = {isa = PBXFileReference; lastKnownFileType = file.storyboard; name = Base; path = Base.lproj/Main.storyboard; sourceTree = "<group>"; };
		2B7D1BA11B4E3AFB00EE8921 /* Images.xcassets */ = {isa = PBXFileReference; lastKnownFileType = folder.assetcatalog; path = Images.xcassets; sourceTree = "<group>"; };
		2B7D1BA41B4E3AFB00EE8921 /* Base */ = {isa = PBXFileReference; lastKnownFileType = file.xib; name = Base; path = Base.lproj/LaunchScreen.xib; sourceTree = "<group>"; };
		2B7D1BAA1B4E3AFB00EE8921 /* testGitHUbTests.xctest */ = {isa = PBXFileReference; explicitFileType = wrapper.cfbundle; includeInIndex = 0; path = testGitHUbTests.xctest; sourceTree = BUILT_PRODUCTS_DIR; };
		2B7D1BAF1B4E3AFB00EE8921 /* Info.plist */ = {isa = PBXFileReference; lastKnownFileType = text.plist.xml; path = Info.plist; sourceTree = "<group>"; };
		2B7D1BB01B4E3AFB00EE8921 /* testGitHUbTests.m */ = {isa = PBXFileReference; lastKnownFileType = sourcecode.c.objc; path = testGitHUbTests.m; sourceTree = "<group>"; };
		2BD4770A1B4E60D900F4FCB2 /* TESTA.h */ = {isa = PBXFileReference; fileEncoding = 4; lastKnownFileType = sourcecode.c.h; path = TESTA.h; sourceTree = "<group>"; };
		2BD4770B1B4E60D900F4FCB2 /* TESTA.m */ = {isa = PBXFileReference; fileEncoding = 4; lastKnownFileType = sourcecode.c.objc; path = TESTA.m; sourceTree = "<group>"; };
/* End PBXFileReference section */

/* Begin PBXFrameworksBuildPhase section */
		2B7D1B8E1B4E3AFB00EE8921 /* Frameworks */ = {
			isa = PBXFrameworksBuildPhase;
			buildActionMask = 2147483647;
			files = (
			);
			runOnlyForDeploymentPostprocessing = 0;
		};
		2B7D1BA71B4E3AFB00EE8921 /* Frameworks */ = {
			isa = PBXFrameworksBuildPhase;
			buildActionMask = 2147483647;
			files = (
			);
			runOnlyForDeploymentPostprocessing = 0;
		};
/* End PBXFrameworksBuildPhase section */

/* Begin PBXGroup section */
		2B7D1B881B4E3AFB00EE8921 = {
			isa = PBXGroup;
			children = (
				2B7D1B931B4E3AFB00EE8921 /* testGitHUb */,
				2B7D1BAD1B4E3AFB00EE8921 /* testGitHUbTests */,
				2B7D1B921B4E3AFB00EE8921 /* Products */,
			);
			sourceTree = "<group>";
		};
		2B7D1B921B4E3AFB00EE8921 /* Products */ = {
			isa = PBXGroup;
			children = (
				2B7D1B911B4E3AFB00EE8921 /* testGitHUb.app */,
				2B7D1BAA1B4E3AFB00EE8921 /* testGitHUbTests.xctest */,
			);
			name = Products;
			sourceTree = "<group>";
		};
		2B7D1B931B4E3AFB00EE8921 /* testGitHUb */ = {
			isa = PBXGroup;
			children = (
				2B7D1B981B4E3AFB00EE8921 /* AppDelegate.h */,
				2B7D1B991B4E3AFB00EE8921 /* AppDelegate.m */,
				2B7D1B9B1B4E3AFB00EE8921 /* ViewController.h */,
				2B7D1B9C1B4E3AFB00EE8921 /* ViewController.m */,
				2B7D1B9E1B4E3AFB00EE8921 /* Main.storyboard */,
				2B7D1BA11B4E3AFB00EE8921 /* Images.xcassets */,
				2B7D1BA31B4E3AFB00EE8921 /* LaunchScreen.xib */,
				2B7D1B941B4E3AFB00EE8921 /* Supporting Files */,
			);
			path = testGitHUb;
			sourceTree = "<group>";
		};
		2B7D1B941B4E3AFB00EE8921 /* Supporting Files */ = {
			isa = PBXGroup;
			children = (
				2B7D1B951B4E3AFB00EE8921 /* Info.plist */,
				2B7D1B961B4E3AFB00EE8921 /* main.m */,
				2BD4770A1B4E60D900F4FCB2 /* TESTA.h */,
				2BD4770B1B4E60D900F4FCB2 /* TESTA.m */,
			);
			name = "Supporting Files";
			sourceTree = "<group>";
		};
		2B7D1BAD1B4E3AFB00EE8921 /* testGitHUbTests */ = {
			isa = PBXGroup;
			children = (
				2B7D1BB01B4E3AFB00EE8921 /* testGitHUbTests.m */,
				2B7D1BAE1B4E3AFB00EE8921 /* Supporting Files */,
			);
			path = testGitHUbTests;
			sourceTree = "<group>";
		};
		2B7D1BAE1B4E3AFB00EE8921 /* Supporting Files */ = {
			isa = PBXGroup;
			children = (
				2B7D1BAF1B4E3AFB00EE8921 /* Info.plist */,
			);
			name = "Supporting Files";
			sourceTree = "<group>";
		};
/* End PBXGroup section */

/* Begin PBXNativeTarget section */
		2B7D1B901B4E3AFB00EE8921 /* testGitHUb */ = {
			isa = PBXNativeTarget;
			buildConfigurationList = 2B7D1BB41B4E3AFB00EE8921 /* Build configuration list for PBXNativeTarget "testGitHUb" */;
			buildPhases = (
				2B7D1B8D1B4E3AFB00EE8921 /* Sources */,
				2B7D1B8E1B4E3AFB00EE8921 /* Frameworks */,
				2B7D1B8F1B4E3AFB00EE8921 /* Resources */,
			);
			buildRules = (
			);
			dependencies = (
			);
			name = testGitHUb;
			productName = testGitHUb;
			productReference = 2B7D1B911B4E3AFB00EE8921 /* testGitHUb.app */;
			productType = "com.apple.product-type.application";
		};
		2B7D1BA91B4E3AFB00EE8921 /* testGitHUbTests */ = {
			isa = PBXNativeTarget;
			buildConfigurationList = 2B7D1BB71B4E3AFB00EE8921 /* Build configuration list for PBXNativeTarget "testGitHUbTests" */;
			buildPhases = (
				2B7D1BA61B4E3AFB00EE8921 /* Sources */,
				2B7D1BA71B4E3AFB00EE8921 /* Frameworks */,
				2B7D1BA81B4E3AFB00EE8921 /* Resources */,
			);
			buildRules = (
			);
			dependencies = (
				2B7D1BAC1B4E3AFB00EE8921 /* PBXTargetDependency */,
			);
			name = testGitHUbTests;
			productName = testGitHUbTests;
			productReference = 2B7D1BAA1B4E3AFB00EE8921 /* testGitHUbTests.xctest */;
			productType = "com.apple.product-type.bundle.unit-test";
		};
/* End PBXNativeTarget section */

/* Begin PBXProject section */
		2B7D1B891B4E3AFB00EE8921 /* Project object */ = {
			isa = PBXProject;
			attributes = {
				LastUpgradeCheck = 0610;
				ORGANIZATIONNAME = laiweihuang;
				TargetAttributes = {
					2B7D1B901B4E3AFB00EE8921 = {
						CreatedOnToolsVersion = 6.1.1;
					};
					2B7D1BA91B4E3AFB00EE8921 = {
						CreatedOnToolsVersion = 6.1.1;
						TestTargetID = 2B7D1B901B4E3AFB00EE8921;
					};
				};
			};
			buildConfigurationList = 2B7D1B8C1B4E3AFB00EE8921 /* Build configuration list for PBXProject "testGitHUb" */;
			compatibilityVersion = "Xcode 3.2";
			developmentRegion = English;
			hasScannedForEncodings = 0;
			knownRegions = (
				en,
				Base,
			);
			mainGroup = 2B7D1B881B4E3AFB00EE8921;
			productRefGroup = 2B7D1B921B4E3AFB00EE8921 /* Products */;
			projectDirPath = "";
			projectRoot = "";
			targets = (
				2B7D1B901B4E3AFB00EE8921 /* testGitHUb */,
				2B7D1BA91B4E3AFB00EE8921 /* testGitHUbTests */,
			);
		};
/* End PBXProject section */

/* Begin PBXResourcesBuildPhase section */
		2B7D1B8F1B4E3AFB00EE8921 /* Resources */ = {
			isa = PBXResourcesBuildPhase;
			buildActionMask = 2147483647;
			files = (
				2B7D1BA01B4E3AFB00EE8921 /* Main.storyboard in Resources */,
				2B7D1BA51B4E3AFB00EE8921 /* LaunchScreen.xib in Resources */,
				2B7D1BA21B4E3AFB00EE8921 /* Images.xcassets in Resources */,
			);
			runOnlyForDeploymentPostprocessing = 0;
		};
		2B7D1BA81B4E3AFB00EE8921 /* Resources */ = {
			isa = PBXResourcesBuildPhase;
			buildActionMask = 2147483647;
			files = (
			);
			runOnlyForDeploymentPostprocessing = 0;
		};
/* End PBXResourcesBuildPhase section */

/* Begin PBXSourcesBuildPhase section */
		2B7D1B8D1B4E3AFB00EE8921 /* Sources */ = {
			isa = PBXSourcesBuildPhase;
			buildActionMask = 2147483647;
			files = (
				2B7D1B9D1B4E3AFB00EE8921 /* ViewController.m in Sources */,
				2B7D1B9A1B4E3AFB00EE8921 /* AppDelegate.m in Sources */,
				2B7D1B971B4E3AFB00EE8921 /* main.m in Sources */,
				2BD4770C1B4E60D900F4FCB2 /* TESTA.m in Sources */,
			);
			runOnlyForDeploymentPostprocessing = 0;
		};
		2B7D1BA61B4E3AFB00EE8921 /* Sources */ = {
			isa = PBXSourcesBuildPhase;
			buildActionMask = 2147483647;
			files = (
				2B7D1BB11B4E3AFB00EE8921 /* testGitHUbTests.m in Sources */,
			);
			runOnlyForDeploymentPostprocessing = 0;
		};
/* End PBXSourcesBuildPhase section */

/* Begin PBXTargetDependency section */
		2B7D1BAC1B4E3AFB00EE8921 /* PBXTargetDependency */ = {
			isa = PBXTargetDependency;
			target = 2B7D1B901B4E3AFB00EE8921 /* testGitHUb */;
			targetProxy = 2B7D1BAB1B4E3AFB00EE8921 /* PBXContainerItemProxy */;
		};
/* End PBXTargetDependency section */

/* Begin PBXVariantGroup section */
		2B7D1B9E1B4E3AFB00EE8921 /* Main.storyboard */ = {
			isa = PBXVariantGroup;
			children = (
				2B7D1B9F1B4E3AFB00EE8921 /* Base */,
			);
			name = Main.storyboard;
			sourceTree = "<group>";
		};
		2B7D1BA31B4E3AFB00EE8921 /* LaunchScreen.xib */ = {
			isa = PBXVariantGroup;
			children = (
				2B7D1BA41B4E3AFB00EE8921 /* Base */,
			);
			name = LaunchScreen.xib;
			sourceTree = "<group>";
		};
/* End PBXVariantGroup section */

/* Begin XCBuildConfiguration section */
		2B7D1BB21B4E3AFB00EE8921 /* Debug */ = {
			isa = XCBuildConfiguration;
			buildSettings = {
				ALWAYS_SEARCH_USER_PATHS = NO;
				CLANG_CXX_LANGUAGE_STANDARD = "gnu++0x";
				CLANG_CXX_LIBRARY = "libc++";
				CLANG_ENABLE_MODULES = YES;
				CLANG_ENABLE_OBJC_ARC = YES;
				CLANG_WARN_BOOL_CONVERSION = YES;
				CLANG_WARN_CONSTANT_CONVERSION = YES;
				CLANG_WARN_DIRECT_OBJC_ISA_USAGE = YES_ERROR;
				CLANG_WARN_EMPTY_BODY = YES;
				CLANG_WARN_ENUM_CONVERSION = YES;
				CLANG_WARN_INT_CONVERSION = YES;
				CLANG_WARN_OBJC_ROOT_CLASS = YES_ERROR;
				CLANG_WARN_UNREACHABLE_CODE = YES;
				CLANG_WARN__DUPLICATE_METHOD_MATCH = YES;
				"CODE_SIGN_IDENTITY[sdk=iphoneos*]" = "iPhone Developer";
				COPY_PHASE_STRIP = NO;
				ENABLE_STRICT_OBJC_MSGSEND = YES;
				GCC_C_LANGUAGE_STANDARD = gnu99;
				GCC_DYNAMIC_NO_PIC = NO;
				GCC_OPTIMIZATION_LEVEL = 0;
				GCC_PREPROCESSOR_DEFINITIONS = (
					"DEBUG=1",
					"$(inherited)",
				);
				GCC_SYMBOLS_PRIVATE_EXTERN = NO;
				GCC_WARN_64_TO_32_BIT_CONVERSION = YES;
				GCC_WARN_ABOUT_RETURN_TYPE = YES_ERROR;
				GCC_WARN_UNDECLARED_SELECTOR = YES;
				GCC_WARN_UNINITIALIZED_AUTOS = YES_AGGRESSIVE;
				GCC_WARN_UNUSED_FUNCTION = YES;
				GCC_WARN_UNUSED_VARIABLE = YES;
				IPHONEOS_DEPLOYMENT_TARGET = 8.1;
				MTL_ENABLE_DEBUG_INFO = YES;
				ONLY_ACTIVE_ARCH = YES;
				SDKROOT = iphoneos;
			};
			name = Debug;
		};
		2B7D1BB31B4E3AFB00EE8921 /* Release */ = {
			isa = XCBuildConfiguration;
			buildSettings = {
				ALWAYS_SEARCH_USER_PATHS = NO;
				CLANG_CXX_LANGUAGE_STANDARD = "gnu++0x";
				CLANG_CXX_LIBRARY = "libc++";
				CLANG_ENABLE_MODULES = YES;
				CLANG_ENABLE_OBJC_ARC = YES;
				CLANG_WARN_BOOL_CONVERSION = YES;
				CLANG_WARN_CONSTANT_CONVERSION = YES;
				CLANG_WARN_DIRECT_OBJC_ISA_USAGE = YES_ERROR;
				CLANG_WARN_EMPTY_BODY = YES;
				CLANG_WARN_ENUM_CONVERSION = YES;
				CLANG_WARN_INT_CONVERSION = YES;
				CLANG_WARN_OBJC_ROOT_CLASS = YES_ERROR;
				CLANG_WARN_UNREACHABLE_CODE = YES;
				CLANG_WARN__DUPLICATE_METHOD_MATCH = YES;
				"CODE_SIGN_IDENTITY[sdk=iphoneos*]" = "iPhone Developer";
				COPY_PHASE_STRIP = YES;
				ENABLE_NS_ASSERTIONS = NO;
				ENABLE_STRICT_OBJC_MSGSEND = YES;
				GCC_C_LANGUAGE_STANDARD = gnu99;
				GCC_WARN_64_TO_32_BIT_CONVERSION = YES;
				GCC_WARN_ABOUT_RETURN_TYPE = YES_ERROR;
				GCC_WARN_UNDECLARED_SELECTOR = YES;
				GCC_WARN_UNINITIALIZED_AUTOS = YES_AGGRESSIVE;
				GCC_WARN_UNUSED_FUNCTION = YES;
				GCC_WARN_UNUSED_VARIABLE = YES;
				IPHONEOS_DEPLOYMENT_TARGET = 8.1;
				MTL_ENABLE_DEBUG_INFO = NO;
				SDKROOT = iphoneos;
				VALIDATE_PRODUCT = YES;
			};
			name = Release;
		};
		2B7D1BB51B4E3AFB00EE8921 /* Debug */ = {
			isa = XCBuildConfiguration;
			buildSettings = {
				ASSETCATALOG_COMPILER_APPICON_NAME = AppIcon;
				INFOPLIST_FILE = testGitHUb/Info.plist;
				LD_RUNPATH_SEARCH_PATHS = "$(inherited) @executable_path/Frameworks";
				PRODUCT_NAME = "$(TARGET_NAME)";
			};
			name = Debug;
		};
		2B7D1BB61B4E3AFB00EE8921 /* Release */ = {
			isa = XCBuildConfiguration;
			buildSettings = {
				ASSETCATALOG_COMPILER_APPICON_NAME = AppIcon;
				INFOPLIST_FILE = testGitHUb/Info.plist;
				LD_RUNPATH_SEARCH_PATHS = "$(inherited) @executable_path/Frameworks";
				PRODUCT_NAME = "$(TARGET_NAME)";
			};
			name = Release;
		};
		2B7D1BB81B4E3AFB00EE8921 /* Debug */ = {
			isa = XCBuildConfiguration;
			buildSettings = {
				BUNDLE_LOADER = "$(TEST_HOST)";
				FRAMEWORK_SEARCH_PATHS = (
					"$(SDKROOT)/Developer/Library/Frameworks",
					"$(inherited)",
				);
				GCC_PREPROCESSOR_DEFINITIONS = (
					"DEBUG=1",
					"$(inherited)",
				);
				INFOPLIST_FILE = testGitHUbTests/Info.plist;
				LD_RUNPATH_SEARCH_PATHS = "$(inherited) @executable_path/Frameworks @loader_path/Frameworks";
				PRODUCT_NAME = "$(TARGET_NAME)";
				TEST_HOST = "$(BUILT_PRODUCTS_DIR)/testGitHUb.app/testGitHUb";
			};
			name = Debug;
		};
		2B7D1BB91B4E3AFB00EE8921 /* Release */ = {
			isa = XCBuildConfiguration;
			buildSettings = {
				BUNDLE_LOADER = "$(TEST_HOST)";
				FRAMEWORK_SEARCH_PATHS = (
					"$(SDKROOT)/Developer/Library/Frameworks",
					"$(inherited)",
				);
				INFOPLIST_FILE = testGitHUbTests/Info.plist;
				LD_RUNPATH_SEARCH_PATHS = "$(inherited) @executable_path/Frameworks @loader_path/Frameworks";
				PRODUCT_NAME = "$(TARGET_NAME)";
				TEST_HOST = "$(BUILT_PRODUCTS_DIR)/testGitHUb.app/testGitHUb";
			};
			name = Release;
		};
/* End XCBuildConfiguration section */

/* Begin XCConfigurationList section */
		2B7D1B8C1B4E3AFB00EE8921 /* Build configuration list for PBXProject "testGitHUb" */ = {
			isa = XCConfigurationList;
			buildConfigurations = (
				2B7D1BB21B4E3AFB00EE8921 /* Debug */,
				2B7D1BB31B4E3AFB00EE8921 /* Release */,
			);
			defaultConfigurationIsVisible = 0;
			defaultConfigurationName = Release;
		};
		2B7D1BB41B4E3AFB00EE8921 /* Build configuration list for PBXNativeTarget "testGitHUb" */ = {
			isa = XCConfigurationList;
			buildConfigurations = (
				2B7D1BB51B4E3AFB00EE8921 /* Debug */,
				2B7D1BB61B4E3AFB00EE8921 /* Release */,
			);
			defaultConfigurationIsVisible = 0;
			defaultConfigurationName = Release;
		};
		2B7D1BB71B4E3AFB00EE8921 /* Build configuration list for PBXNativeTarget "testGitHUbTests" */ = {
			isa = XCConfigurationList;
			buildConfigurations = (
				2B7D1BB81B4E3AFB00EE8921 /* Debug */,
				2B7D1BB91B4E3AFB00EE8921 /* Release */,
			);
			defaultConfigurationIsVisible = 0;
			defaultConfigurationName = Release;
		};
/* End XCConfigurationList section */
	};
	rootObject = 2B7D1B891B4E3AFB00EE8921 /* Project object */;
}
